
Microsoft Visual Studio Solution File, Format Version 12.00
# Visual Studio Version 16
VisualStudioVersion = 16.0.32602.291
MinimumVisualStudioVersion = 10.0.40219.1
Project("{2150E333-8FDC-42A3-9474-1A3956D46DE8}") = "JobManagement", "JobManagement", "{44A2DE81-0CC2-421F-AF0E-0D71234BF0AE}"
EndProject
Project("{2150E333-8FDC-42A3-9474-1A3956D46DE8}") = "JM.Application", "JM.Application", "{97DBB1B6-E701-4ED4-B699-8B1993F9E303}"
EndProject
Project("{2150E333-8FDC-42A3-9474-1A3956D46DE8}") = "JM.Domain", "JM.Domain", "{AFBA920E-97AC-42AF-A2F0-FCFCC4288D78}"
EndProject
Project("{2150E333-8FDC-42A3-9474-1A3956D46DE8}") = "JM.Infrastructure", "JM.Infrastructure", "{F73EBC64-1BDE-4F95-9C96-A28F53CA65F8}"
EndProject
Project("{9A19103F-16F7-4668-BE54-9A1E7A4F7556}") = "JobManagement.Domain", "JobManagement.Domain\JobManagement.Domain.csproj", "{E7B105B3-8C2F-41F9-B68A-C5890FE83438}"
EndProject
Project("{9A19103F-16F7-4668-BE54-9A1E7A4F7556}") = "JobManagement.Application", "JobManagement.Application\JobManagement.Application.csproj", "{EC12CE5E-F23B-43CF-9188-BCCD85F86659}"
EndProject
Project("{9A19103F-16F7-4668-BE54-9A1E7A4F7556}") = "JobManagement.Application.Contracts", "JobManagement.Application.Contracts\JobManagement.Application.Contracts.csproj", "{803DBA03-4602-4EC9-B0A9-95A8938006D6}"
EndProject
Project("{9A19103F-16F7-4668-BE54-9A1E7A4F7556}") = "JobManagement.Infrastructure.Configuration", "JobManagement.Infrastructure.Configuration\JobManagement.Infrastructure.Configuration.csproj", "{8236FDD7-A81E-40D7-B749-FC43D437B83B}"
EndProject
Project("{9A19103F-16F7-4668-BE54-9A1E7A4F7556}") = "JobManagement.Infrastructure.EFCore", "JobManagement.Infrastructure.EFCore\JobManagement.Infrastructure.EFCore.csproj", "{DCB75FA5-CC54-4B34-9554-BA53BFD91A06}"
EndProject
Project("{9A19103F-16F7-4668-BE54-9A1E7A4F7556}") = "0_Framework", "0_Framework\0_Framework.csproj", "{3BE5758E-A3E1-4787-A93D-B814CD672391}"
EndProject
Project("{9A19103F-16F7-4668-BE54-9A1E7A4F7556}") = "ServiceHost", "ServiceHost\ServiceHost.csproj", "{4B38DCDF-4482-4230-98CA-C2E2E46799AF}"
EndProject
Project("{2150E333-8FDC-42A3-9474-1A3956D46DE8}") = "AccountManagement", "AccountManagement", "{A639CBC5-91F2-478A-89E2-6257C799C62B}"
EndProject
Project("{2150E333-8FDC-42A3-9474-1A3956D46DE8}") = "AM.Application", "AM.Application", "{5C174170-BE02-471E-B6E5-63F31E0EB0BE}"
EndProject
Project("{2150E333-8FDC-42A3-9474-1A3956D46DE8}") = "AM.Domain", "AM.Domain", "{0373B6BD-03BB-44AA-9E2B-03147D788A3E}"
EndProject
Project("{2150E333-8FDC-42A3-9474-1A3956D46DE8}") = "AM.Infrastructure", "AM.Infrastructure", "{4F2E7ADA-1307-4647-A80C-7ED72AD9BF01}"
EndProject
Project("{9A19103F-16F7-4668-BE54-9A1E7A4F7556}") = "AccountManagement.Domain", "AccountManagement.Domain\AccountManagement.Domain.csproj", "{671E8E21-8079-475E-88C5-8D92467644E5}"
EndProject
Project("{9A19103F-16F7-4668-BE54-9A1E7A4F7556}") = "AccountManagement.Application.Contracts", "AccountManagement.Application.Contracts\AccountManagement.Application.Contracts.csproj", "{F963EB28-8714-45C1-BC83-9D0D447F887C}"
EndProject
Project("{9A19103F-16F7-4668-BE54-9A1E7A4F7556}") = "AccountManagement.Application", "AccountManagement.Application\AccountManagement.Application.csproj", "{8A9C83CB-5A4C-4946-8569-ABBD4DCE23E2}"
EndProject
Project("{9A19103F-16F7-4668-BE54-9A1E7A4F7556}") = "AccountManagement.Configuration", "AccountManagement.Configuration\AccountManagement.Configuration.csproj", "{111FB655-6B8F-4DAF-920B-F5917623EF1C}"
EndProject
Project("{9A19103F-16F7-4668-BE54-9A1E7A4F7556}") = "AccountMangement.Infrastructure.EFCore", "AccountMangement.Infrastructure.EFCore\AccountMangement.Infrastructure.EFCore.csproj", "{6D5C7506-6D29-4DA6-8642-0C5E54E93F94}"
EndProject
Project("{9A19103F-16F7-4668-BE54-9A1E7A4F7556}") = "01_SanaDotNetQuery", "01_SanaDotNetQuery\01_SanaDotNetQuery.csproj", "{4548FA1E-EB17-4516-979D-45D65F25DD03}"
EndProject
Project("{2150E333-8FDC-42A3-9474-1A3956D46DE8}") = "JM.Presentation", "JM.Presentation", "{05A79E0E-790A-4008-89EA-FE22CC9A3556}"
EndProject
Project("{FAE04EC0-301F-11D3-BF4B-00C04F79EFBC}") = "JobManagement.Presentation", "JobManagement.Presentation\JobManagement.Presentation.csproj", "{46F0C694-3567-48F5-96EA-1CB6D652B0B8}"
EndProject
Global
	GlobalSection(SolutionConfigurationPlatforms) = preSolution
		Debug|Any CPU = Debug|Any CPU
		Release|Any CPU = Release|Any CPU
	EndGlobalSection
	GlobalSection(ProjectConfigurationPlatforms) = postSolution
		{E7B105B3-8C2F-41F9-B68A-C5890FE83438}.Debug|Any CPU.ActiveCfg = Debug|Any CPU
		{E7B105B3-8C2F-41F9-B68A-C5890FE83438}.Debug|Any CPU.Build.0 = Debug|Any CPU
		{E7B105B3-8C2F-41F9-B68A-C5890FE83438}.Release|Any CPU.ActiveCfg = Release|Any CPU
		{E7B105B3-8C2F-41F9-B68A-C5890FE83438}.Release|Any CPU.Build.0 = Release|Any CPU
		{EC12CE5E-F23B-43CF-9188-BCCD85F86659}.Debug|Any CPU.ActiveCfg = Debug|Any CPU
		{EC12CE5E-F23B-43CF-9188-BCCD85F86659}.Debug|Any CPU.Build.0 = Debug|Any CPU
		{EC12CE5E-F23B-43CF-9188-BCCD85F86659}.Release|Any CPU.ActiveCfg = Release|Any CPU
		{EC12CE5E-F23B-43CF-9188-BCCD85F86659}.Release|Any CPU.Build.0 = Release|Any CPU
		{803DBA03-4602-4EC9-B0A9-95A8938006D6}.Debug|Any CPU.ActiveCfg = Debug|Any CPU
		{803DBA03-4602-4EC9-B0A9-95A8938006D6}.Debug|Any CPU.Build.0 = Debug|Any CPU
		{803DBA03-4602-4EC9-B0A9-95A8938006D6}.Release|Any CPU.ActiveCfg = Release|Any CPU
		{803DBA03-4602-4EC9-B0A9-95A8938006D6}.Release|Any CPU.Build.0 = Release|Any CPU
		{8236FDD7-A81E-40D7-B749-FC43D437B83B}.Debug|Any CPU.ActiveCfg = Debug|Any CPU
		{8236FDD7-A81E-40D7-B749-FC43D437B83B}.Debug|Any CPU.Build.0 = Debug|Any CPU
		{8236FDD7-A81E-40D7-B749-FC43D437B83B}.Release|Any CPU.ActiveCfg = Release|Any CPU
		{8236FDD7-A81E-40D7-B749-FC43D437B83B}.Release|Any CPU.Build.0 = Release|Any CPU
		{DCB75FA5-CC54-4B34-9554-BA53BFD91A06}.Debug|Any CPU.ActiveCfg = Debug|Any CPU
		{DCB75FA5-CC54-4B34-9554-BA53BFD91A06}.Debug|Any CPU.Build.0 = Debug|Any CPU
		{DCB75FA5-CC54-4B34-9554-BA53BFD91A06}.Release|Any CPU.ActiveCfg = Release|Any CPU
		{DCB75FA5-CC54-4B34-9554-BA53BFD91A06}.Release|Any CPU.Build.0 = Release|Any CPU
		{3BE5758E-A3E1-4787-A93D-B814CD672391}.Debug|Any CPU.ActiveCfg = Debug|Any CPU
		{3BE5758E-A3E1-4787-A93D-B814CD672391}.Debug|Any CPU.Build.0 = Debug|Any CPU
		{3BE5758E-A3E1-4787-A93D-B814CD672391}.Release|Any CPU.ActiveCfg = Release|Any CPU
		{3BE5758E-A3E1-4787-A93D-B814CD672391}.Release|Any CPU.Build.0 = Release|Any CPU
		{4B38DCDF-4482-4230-98CA-C2E2E46799AF}.Debug|Any CPU.ActiveCfg = Debug|Any CPU
		{4B38DCDF-4482-4230-98CA-C2E2E46799AF}.Debug|Any CPU.Build.0 = Debug|Any CPU
		{4B38DCDF-4482-4230-98CA-C2E2E46799AF}.Release|Any CPU.ActiveCfg = Release|Any CPU
		{4B38DCDF-4482-4230-98CA-C2E2E46799AF}.Release|Any CPU.Build.0 = Release|Any CPU
		{671E8E21-8079-475E-88C5-8D92467644E5}.Debug|Any CPU.ActiveCfg = Debug|Any CPU
		{671E8E21-8079-475E-88C5-8D92467644E5}.Debug|Any CPU.Build.0 = Debug|Any CPU
		{671E8E21-8079-475E-88C5-8D92467644E5}.Release|Any CPU.ActiveCfg = Release|Any CPU
		{671E8E21-8079-475E-88C5-8D92467644E5}.Release|Any CPU.Build.0 = Release|Any CPU
		{F963EB28-8714-45C1-BC83-9D0D447F887C}.Debug|Any CPU.ActiveCfg = Debug|Any CPU
		{F963EB28-8714-45C1-BC83-9D0D447F887C}.Debug|Any CPU.Build.0 = Debug|Any CPU
		{F963EB28-8714-45C1-BC83-9D0D447F887C}.Release|Any CPU.ActiveCfg = Release|Any CPU
		{F963EB28-8714-45C1-BC83-9D0D447F887C}.Release|Any CPU.Build.0 = Release|Any CPU
		{8A9C83CB-5A4C-4946-8569-ABBD4DCE23E2}.Debug|Any CPU.ActiveCfg = Debug|Any CPU
		{8A9C83CB-5A4C-4946-8569-ABBD4DCE23E2}.Debug|Any CPU.Build.0 = Debug|Any CPU
		{8A9C83CB-5A4C-4946-8569-ABBD4DCE23E2}.Release|Any CPU.ActiveCfg = Release|Any CPU
		{8A9C83CB-5A4C-4946-8569-ABBD4DCE23E2}.Release|Any CPU.Build.0 = Release|Any CPU
		{111FB655-6B8F-4DAF-920B-F5917623EF1C}.Debug|Any CPU.ActiveCfg = Debug|Any CPU
		{111FB655-6B8F-4DAF-920B-F5917623EF1C}.Debug|Any CPU.Build.0 = Debug|Any CPU
		{111FB655-6B8F-4DAF-920B-F5917623EF1C}.Release|Any CPU.ActiveCfg = Release|Any CPU
		{111FB655-6B8F-4DAF-920B-F5917623EF1C}.Release|Any CPU.Build.0 = Release|Any CPU
		{6D5C7506-6D29-4DA6-8642-0C5E54E93F94}.Debug|Any CPU.ActiveCfg = Debug|Any CPU
		{6D5C7506-6D29-4DA6-8642-0C5E54E93F94}.Debug|Any CPU.Build.0 = Debug|Any CPU
		{6D5C7506-6D29-4DA6-8642-0C5E54E93F94}.Release|Any CPU.ActiveCfg = Release|Any CPU
		{6D5C7506-6D29-4DA6-8642-0C5E54E93F94}.Release|Any CPU.Build.0 = Release|Any CPU
		{4548FA1E-EB17-4516-979D-45D65F25DD03}.Debug|Any CPU.ActiveCfg = Debug|Any CPU
		{4548FA1E-EB17-4516-979D-45D65F25DD03}.Debug|Any CPU.Build.0 = Debug|Any CPU
		{4548FA1E-EB17-4516-979D-45D65F25DD03}.Release|Any CPU.ActiveCfg = Release|Any CPU
		{4548FA1E-EB17-4516-979D-45D65F25DD03}.Release|Any CPU.Build.0 = Release|Any CPU
		{46F0C694-3567-48F5-96EA-1CB6D652B0B8}.Debug|Any CPU.ActiveCfg = Debug|Any CPU
		{46F0C694-3567-48F5-96EA-1CB6D652B0B8}.Debug|Any CPU.Build.0 = Debug|Any CPU
		{46F0C694-3567-48F5-96EA-1CB6D652B0B8}.Release|Any CPU.ActiveCfg = Release|Any CPU
		{46F0C694-3567-48F5-96EA-1CB6D652B0B8}.Release|Any CPU.Build.0 = Release|Any CPU
	EndGlobalSection
	GlobalSection(SolutionProperties) = preSolution
		HideSolutionNode = FALSE
	EndGlobalSection
	GlobalSection(NestedProjects) = preSolution
		{97DBB1B6-E701-4ED4-B699-8B1993F9E303} = {44A2DE81-0CC2-421F-AF0E-0D71234BF0AE}
		{AFBA920E-97AC-42AF-A2F0-FCFCC4288D78} = {44A2DE81-0CC2-421F-AF0E-0D71234BF0AE}
		{F73EBC64-1BDE-4F95-9C96-A28F53CA65F8} = {44A2DE81-0CC2-421F-AF0E-0D71234BF0AE}
		{E7B105B3-8C2F-41F9-B68A-C5890FE83438} = {AFBA920E-97AC-42AF-A2F0-FCFCC4288D78}
		{EC12CE5E-F23B-43CF-9188-BCCD85F86659} = {97DBB1B6-E701-4ED4-B699-8B1993F9E303}
		{803DBA03-4602-4EC9-B0A9-95A8938006D6} = {97DBB1B6-E701-4ED4-B699-8B1993F9E303}
		{8236FDD7-A81E-40D7-B749-FC43D437B83B} = {F73EBC64-1BDE-4F95-9C96-A28F53CA65F8}
		{DCB75FA5-CC54-4B34-9554-BA53BFD91A06} = {F73EBC64-1BDE-4F95-9C96-A28F53CA65F8}
		{5C174170-BE02-471E-B6E5-63F31E0EB0BE} = {A639CBC5-91F2-478A-89E2-6257C799C62B}
		{0373B6BD-03BB-44AA-9E2B-03147D788A3E} = {A639CBC5-91F2-478A-89E2-6257C799C62B}
		{4F2E7ADA-1307-4647-A80C-7ED72AD9BF01} = {A639CBC5-91F2-478A-89E2-6257C799C62B}
		{671E8E21-8079-475E-88C5-8D92467644E5} = {0373B6BD-03BB-44AA-9E2B-03147D788A3E}
		{F963EB28-8714-45C1-BC83-9D0D447F887C} = {5C174170-BE02-471E-B6E5-63F31E0EB0BE}
		{8A9C83CB-5A4C-4946-8569-ABBD4DCE23E2} = {5C174170-BE02-471E-B6E5-63F31E0EB0BE}
		{111FB655-6B8F-4DAF-920B-F5917623EF1C} = {4F2E7ADA-1307-4647-A80C-7ED72AD9BF01}
		{6D5C7506-6D29-4DA6-8642-0C5E54E93F94} = {4F2E7ADA-1307-4647-A80C-7ED72AD9BF01}
		{05A79E0E-790A-4008-89EA-FE22CC9A3556} = {44A2DE81-0CC2-421F-AF0E-0D71234BF0AE}
		{46F0C694-3567-48F5-96EA-1CB6D652B0B8} = {05A79E0E-790A-4008-89EA-FE22CC9A3556}
	EndGlobalSection
	GlobalSection(ExtensibilityGlobals) = postSolution
		SolutionGuid = {75CDB237-1A6A-44D1-9953-054161C2CC1B}
	EndGlobalSection
EndGlobal
